// !$*UTF8*$!
{
	archiveVersion = 1;
	classes = {
	};
	objectVersion = 46;
	objects = {

/* Begin PBXBuildFile section */
		5478A1261BE3F7AD003FF770 /* ItemLista.swift in Sources */ = {isa = PBXBuildFile; fileRef = 5478A1251BE3F7AD003FF770 /* ItemLista.swift */; };
		5478A1281BE4204F003FF770 /* DetalheView.swift in Sources */ = {isa = PBXBuildFile; fileRef = 5478A1271BE4204F003FF770 /* DetalheView.swift */; };
		54E192BE1BE2A37800BFDC8B /* AppDelegate.swift in Sources */ = {isa = PBXBuildFile; fileRef = 54E192BD1BE2A37800BFDC8B /* AppDelegate.swift */; };
		54E192C01BE2A37800BFDC8B /* ViewController.swift in Sources */ = {isa = PBXBuildFile; fileRef = 54E192BF1BE2A37800BFDC8B /* ViewController.swift */; };
		54E192C31BE2A37800BFDC8B /* Main.storyboard in Resources */ = {isa = PBXBuildFile; fileRef = 54E192C11BE2A37800BFDC8B /* Main.storyboard */; };
		54E192C51BE2A37800BFDC8B /* Assets.xcassets in Resources */ = {isa = PBXBuildFile; fileRef = 54E192C41BE2A37800BFDC8B /* Assets.xcassets */; };
		54E192C81BE2A37800BFDC8B /* LaunchScreen.storyboard in Resources */ = {isa = PBXBuildFile; fileRef = 54E192C61BE2A37800BFDC8B /* LaunchScreen.storyboard */; };
		54E192D31BE2A37800BFDC8B /* dafitiTests.swift in Sources */ = {isa = PBXBuildFile; fileRef = 54E192D21BE2A37800BFDC8B /* dafitiTests.swift */; };
		54E192DE1BE2A37800BFDC8B /* dafitiUITests.swift in Sources */ = {isa = PBXBuildFile; fileRef = 54E192DD1BE2A37800BFDC8B /* dafitiUITests.swift */; };
/* End PBXBuildFile section */

/* Begin PBXContainerItemProxy section */
		54E192CF1BE2A37800BFDC8B /* PBXContainerItemProxy */ = {
			isa = PBXContainerItemProxy;
			containerPortal = 54E192B21BE2A37800BFDC8B /* Project object */;
			proxyType = 1;
			remoteGlobalIDString = 54E192B91BE2A37800BFDC8B;
			remoteInfo = dafiti;
		};
		54E192DA1BE2A37800BFDC8B /* PBXContainerItemProxy */ = {
			isa = PBXContainerItemProxy;
			containerPortal = 54E192B21BE2A37800BFDC8B /* Project object */;
			proxyType = 1;
			remoteGlobalIDString = 54E192B91BE2A37800BFDC8B;
			remoteInfo = dafiti;
		};
/* End PBXContainerItemProxy section */

/* Begin PBXFileReference section */
		5478A1251BE3F7AD003FF770 /* ItemLista.swift */ = {isa = PBXFileReference; fileEncoding = 4; lastKnownFileType = sourcecode.swift; path = ItemLista.swift; sourceTree = "<group>"; };
		5478A1271BE4204F003FF770 /* DetalheView.swift */ = {isa = PBXFileReference; fileEncoding = 4; lastKnownFileType = sourcecode.swift; path = DetalheView.swift; sourceTree = "<group>"; };
		54E192BA1BE2A37800BFDC8B /* dafiti.app */ = {isa = PBXFileReference; explicitFileType = wrapper.application; includeInIndex = 0; path = dafiti.app; sourceTree = BUILT_PRODUCTS_DIR; };
		54E192BD1BE2A37800BFDC8B /* AppDelegate.swift */ = {isa = PBXFileReference; lastKnownFileType = sourcecode.swift; path = AppDelegate.swift; sourceTree = "<group>"; };
		54E192BF1BE2A37800BFDC8B /* ViewController.swift */ = {isa = PBXFileReference; lastKnownFileType = sourcecode.swift; path = ViewController.swift; sourceTree = "<group>"; };
		54E192C21BE2A37800BFDC8B /* Base */ = {isa = PBXFileReference; lastKnownFileType = file.storyboard; name = Base; path = Base.lproj/Main.storyboard; sourceTree = "<group>"; };
		54E192C41BE2A37800BFDC8B /* Assets.xcassets */ = {isa = PBXFileReference; lastKnownFileType = folder.assetcatalog; path = Assets.xcassets; sourceTree = "<group>"; };
		54E192C71BE2A37800BFDC8B /* Base */ = {isa = PBXFileReference; lastKnownFileType = file.storyboard; name = Base; path = Base.lproj/LaunchScreen.storyboard; sourceTree = "<group>"; };
		54E192C91BE2A37800BFDC8B /* Info.plist */ = {isa = PBXFileReference; lastKnownFileType = text.plist.xml; path = Info.plist; sourceTree = "<group>"; };
		54E192CE1BE2A37800BFDC8B /* dafitiTests.xctest */ = {isa = PBXFileReference; explicitFileType = wrapper.cfbundle; includeInIndex = 0; path = dafitiTests.xctest; sourceTree = BUILT_PRODUCTS_DIR; };
		54E192D21BE2A37800BFDC8B /* dafitiTests.swift */ = {isa = PBXFileReference; lastKnownFileType = sourcecode.swift; path = dafitiTests.swift; sourceTree = "<group>"; };
		54E192D41BE2A37800BFDC8B /* Info.plist */ = {isa = PBXFileReference; lastKnownFileType = text.plist.xml; path = Info.plist; sourceTree = "<group>"; };
		54E192D91BE2A37800BFDC8B /* dafitiUITests.xctest */ = {isa = PBXFileReference; explicitFileType = wrapper.cfbundle; includeInIndex = 0; path = dafitiUITests.xctest; sourceTree = BUILT_PRODUCTS_DIR; };
		54E192DD1BE2A37800BFDC8B /* dafitiUITests.swift */ = {isa = PBXFileReference; lastKnownFileType = sourcecode.swift; path = dafitiUITests.swift; sourceTree = "<group>"; };
		54E192DF1BE2A37800BFDC8B /* Info.plist */ = {isa = PBXFileReference; lastKnownFileType = text.plist.xml; path = Info.plist; sourceTree = "<group>"; };
/* End PBXFileReference section */

/* Begin PBXFrameworksBuildPhase section */
		54E192B71BE2A37800BFDC8B /* Frameworks */ = {
			isa = PBXFrameworksBuildPhase;
			buildActionMask = 2147483647;
			files = (
			);
			runOnlyForDeploymentPostprocessing = 0;
		};
		54E192CB1BE2A37800BFDC8B /* Frameworks */ = {
			isa = PBXFrameworksBuildPhase;
			buildActionMask = 2147483647;
			files = (
			);
			runOnlyForDeploymentPostprocessing = 0;
		};
		54E192D61BE2A37800BFDC8B /* Frameworks */ = {
			isa = PBXFrameworksBuildPhase;
			buildActionMask = 2147483647;
			files = (
			);
			runOnlyForDeploymentPostprocessing = 0;
		};
/* End PBXFrameworksBuildPhase section */

/* Begin PBXGroup section */
		54E192B11BE2A37800BFDC8B = {
			isa = PBXGroup;
			children = (
				54E192BC1BE2A37800BFDC8B /* dafiti */,
				54E192D11BE2A37800BFDC8B /* dafitiTests */,
				54E192DC1BE2A37800BFDC8B /* dafitiUITests */,
				54E192BB1BE2A37800BFDC8B /* Products */,
			);
			sourceTree = "<group>";
		};
		54E192BB1BE2A37800BFDC8B /* Products */ = {
			isa = PBXGroup;
			children = (
				54E192BA1BE2A37800BFDC8B /* dafiti.app */,
				54E192CE1BE2A37800BFDC8B /* dafitiTests.xctest */,
				54E192D91BE2A37800BFDC8B /* dafitiUITests.xctest */,
			);
			name = Products;
			sourceTree = "<group>";
		};
		54E192BC1BE2A37800BFDC8B /* dafiti */ = {
			isa = PBXGroup;
			children = (
				5478A1251BE3F7AD003FF770 /* ItemLista.swift */,
				54E192BD1BE2A37800BFDC8B /* AppDelegate.swift */,
				54E192BF1BE2A37800BFDC8B /* ViewController.swift */,
				5478A1271BE4204F003FF770 /* DetalheView.swift */,
				54E192C11BE2A37800BFDC8B /* Main.storyboard */,
				54E192C41BE2A37800BFDC8B /* Assets.xcassets */,
				54E192C61BE2A37800BFDC8B /* LaunchScreen.storyboard */,
				54E192C91BE2A37800BFDC8B /* Info.plist */,
			);
			path = dafiti;
			sourceTree = "<group>";
		};
		54E192D11BE2A37800BFDC8B /* dafitiTests */ = {
			isa = PBXGroup;
			children = (
				54E192D21BE2A37800BFDC8B /* dafitiTests.swift */,
				54E192D41BE2A37800BFDC8B /* Info.plist */,
			);
			path = dafitiTests;
			sourceTree = "<group>";
		};
		54E192DC1BE2A37800BFDC8B /* dafitiUITests */ = {
			isa = PBXGroup;
			children = (
				54E192DD1BE2A37800BFDC8B /* dafitiUITests.swift */,
				54E192DF1BE2A37800BFDC8B /* Info.plist */,
			);
			path = dafitiUITests;
			sourceTree = "<group>";
		};
/* End PBXGroup section */

/* Begin PBXNativeTarget section */
		54E192B91BE2A37800BFDC8B /* dafiti */ = {
			isa = PBXNativeTarget;
			buildConfigurationList = 54E192E21BE2A37800BFDC8B /* Build configuration list for PBXNativeTarget "dafiti" */;
			buildPhases = (
				54E192B61BE2A37800BFDC8B /* Sources */,
				54E192B71BE2A37800BFDC8B /* Frameworks */,
				54E192B81BE2A37800BFDC8B /* Resources */,
			);
			buildRules = (
			);
			dependencies = (
			);
			name = dafiti;
			productName = dafiti;
			productReference = 54E192BA1BE2A37800BFDC8B /* dafiti.app */;
			productType = "com.apple.product-type.application";
		};
		54E192CD1BE2A37800BFDC8B /* dafitiTests */ = {
			isa = PBXNativeTarget;
			buildConfigurationList = 54E192E51BE2A37800BFDC8B /* Build configuration list for PBXNativeTarget "dafitiTests" */;
			buildPhases = (
				54E192CA1BE2A37800BFDC8B /* Sources */,
				54E192CB1BE2A37800BFDC8B /* Frameworks */,
				54E192CC1BE2A37800BFDC8B /* Resources */,
			);
			buildRules = (
			);
			dependencies = (
				54E192D01BE2A37800BFDC8B /* PBXTargetDependency */,
			);
			name = dafitiTests;
			productName = dafitiTests;
			productReference = 54E192CE1BE2A37800BFDC8B /* dafitiTests.xctest */;
			productType = "com.apple.product-type.bundle.unit-test";
		};
		54E192D81BE2A37800BFDC8B /* dafitiUITests */ = {
			isa = PBXNativeTarget;
			buildConfigurationList = 54E192E81BE2A37800BFDC8B /* Build configuration list for PBXNativeTarget "dafitiUITests" */;
			buildPhases = (
				54E192D51BE2A37800BFDC8B /* Sources */,
				54E192D61BE2A37800BFDC8B /* Frameworks */,
				54E192D71BE2A37800BFDC8B /* Resources */,
			);
			buildRules = (
			);
			dependencies = (
				54E192DB1BE2A37800BFDC8B /* PBXTargetDependency */,
			);
			name = dafitiUITests;
			productName = dafitiUITests;
			productReference = 54E192D91BE2A37800BFDC8B /* dafitiUITests.xctest */;
			productType = "com.apple.product-type.bundle.ui-testing";
		};
/* End PBXNativeTarget section */

/* Begin PBXProject section */
		54E192B21BE2A37800BFDC8B /* Project object */ = {
			isa = PBXProject;
			attributes = {
				LastSwiftUpdateCheck = 0710;
				LastUpgradeCheck = 0710;
				ORGANIZATIONNAME = "Antonio De Souza";
				TargetAttributes = {
					54E192B91BE2A37800BFDC8B = {
						CreatedOnToolsVersion = 7.1;
					};
					54E192CD1BE2A37800BFDC8B = {
						CreatedOnToolsVersion = 7.1;
						TestTargetID = 54E192B91BE2A37800BFDC8B;
					};
					54E192D81BE2A37800BFDC8B = {
						CreatedOnToolsVersion = 7.1;
						TestTargetID = 54E192B91BE2A37800BFDC8B;
					};
				};
			};
			buildConfigurationList = 54E192B51BE2A37800BFDC8B /* Build configuration list for PBXProject "dafiti" */;
			compatibilityVersion = "Xcode 3.2";
			developmentRegion = English;
			hasScannedForEncodings = 0;
			knownRegions = (
				en,
				Base,
			);
			mainGroup = 54E192B11BE2A37800BFDC8B;
			productRefGroup = 54E192BB1BE2A37800BFDC8B /* Products */;
			projectDirPath = "";
			projectRoot = "";
			targets = (
				54E192B91BE2A37800BFDC8B /* dafiti */,
				54E192CD1BE2A37800BFDC8B /* dafitiTests */,
				54E192D81BE2A37800BFDC8B /* dafitiUITests */,
			);
		};
/* End PBXProject section */

/* Begin PBXResourcesBuildPhase section */
		54E192B81BE2A37800BFDC8B /* Resources */ = {
			isa = PBXResourcesBuildPhase;
			buildActionMask = 2147483647;
			files = (
				54E192C81BE2A37800BFDC8B /* LaunchScreen.storyboard in Resources */,
				54E192C51BE2A37800BFDC8B /* Assets.xcassets in Resources */,
				54E192C31BE2A37800BFDC8B /* Main.storyboard in Resources */,
			);
			runOnlyForDeploymentPostprocessing = 0;
		};
		54E192CC1BE2A37800BFDC8B /* Resources */ = {
			isa = PBXResourcesBuildPhase;
			buildActionMask = 2147483647;
			files = (
			);
			runOnlyForDeploymentPostprocessing = 0;
		};
		54E192D71BE2A37800BFDC8B /* Resources */ = {
			isa = PBXResourcesBuildPhase;
			buildActionMask = 2147483647;
			files = (
			);
			runOnlyForDeploymentPostprocessing = 0;
		};
/* End PBXResourcesBuildPhase section */

/* Begin PBXSourcesBuildPhase section */
		54E192B61BE2A37800BFDC8B /* Sources */ = {
			isa = PBXSourcesBuildPhase;
			buildActionMask = 2147483647;
			files = (
				54E192C01BE2A37800BFDC8B /* ViewController.swift in Sources */,
				5478A1261BE3F7AD003FF770 /* ItemLista.swift in Sources */,
				5478A1281BE4204F003FF770 /* DetalheView.swift in Sources */,
				54E192BE1BE2A37800BFDC8B /* AppDelegate.swift in Sources */,
			);
			runOnlyForDeploymentPostprocessing = 0;
		};
		54E192CA1BE2A37800BFDC8B /* Sources */ = {
			isa = PBXSourcesBuildPhase;
			buildActionMask = 2147483647;
			files = (
				54E192D31BE2A37800BFDC8B /* dafitiTests.swift in Sources */,
			);
			runOnlyForDeploymentPostprocessing = 0;
		};
		54E192D51BE2A37800BFDC8B /* Sources */ = {
			isa = PBXSourcesBuildPhase;
			buildActionMask = 2147483647;
			files = (
				54E192DE1BE2A37800BFDC8B /* dafitiUITests.swift in Sources */,
			);
			runOnlyForDeploymentPostprocessing = 0;
		};
/* End PBXSourcesBuildPhase section */

/* Begin PBXTargetDependency section */
		54E192D01BE2A37800BFDC8B /* PBXTargetDependency */ = {
			isa = PBXTargetDependency;
			target = 54E192B91BE2A37800BFDC8B /* dafiti */;
			targetProxy = 54E192CF1BE2A37800BFDC8B /* PBXContainerItemProxy */;
		};
		54E192DB1BE2A37800BFDC8B /* PBXTargetDependency */ = {
			isa = PBXTargetDependency;
			target = 54E192B91BE2A37800BFDC8B /* dafiti */;
			targetProxy = 54E192DA1BE2A37800BFDC8B /* PBXContainerItemProxy */;
		};
/* End PBXTargetDependency section */

/* Begin PBXVariantGroup section */
		54E192C11BE2A37800BFDC8B /* Main.storyboard */ = {
			isa = PBXVariantGroup;
			children = (
				54E192C21BE2A37800BFDC8B /* Base */,
			);
			name = Main.storyboard;
			sourceTree = "<group>";
		};
		54E192C61BE2A37800BFDC8B /* LaunchScreen.storyboard */ = {
			isa = PBXVariantGroup;
			children = (
				54E192C71BE2A37800BFDC8B /* Base */,
			);
			name = LaunchScreen.storyboard;
			sourceTree = "<group>";
		};
/* End PBXVariantGroup section */

/* Begin XCBuildConfiguration section */
		54E192E01BE2A37800BFDC8B /* Debug */ = {
			isa = XCBuildConfiguration;
			buildSettings = {
				ALWAYS_SEARCH_USER_PATHS = NO;
				CLANG_CXX_LANGUAGE_STANDARD = "gnu++0x";
				CLANG_CXX_LIBRARY = "libc++";
				CLANG_ENABLE_MODULES = YES;
				CLANG_ENABLE_OBJC_ARC = YES;
				CLANG_WARN_BOOL_CONVERSION = YES;
				CLANG_WARN_CONSTANT_CONVERSION = YES;
				CLANG_WARN_DIRECT_OBJC_ISA_USAGE = YES_ERROR;
				CLANG_WARN_EMPTY_BODY = YES;
				CLANG_WARN_ENUM_CONVERSION = YES;
				CLANG_WARN_INT_CONVERSION = YES;
				CLANG_WARN_OBJC_ROOT_CLASS = YES_ERROR;
				CLANG_WARN_UNREACHABLE_CODE = YES;
				CLANG_WARN__DUPLICATE_METHOD_MATCH = YES;
				"CODE_SIGN_IDENTITY[sdk=iphoneos*]" = "iPhone Developer";
				COPY_PHASE_STRIP = NO;
				DEBUG_INFORMATION_FORMAT = dwarf;
				ENABLE_STRICT_OBJC_MSGSEND = YES;
				ENABLE_TESTABILITY = YES;
				GCC_C_LANGUAGE_STANDARD = gnu99;
				GCC_DYNAMIC_NO_PIC = NO;
				GCC_NO_COMMON_BLOCKS = YES;
				GCC_OPTIMIZATION_LEVEL = 0;
				GCC_PREPROCESSOR_DEFINITIONS = (
					"DEBUG=1",
					"$(inherited)",
				);
				GCC_WARN_64_TO_32_BIT_CONVERSION = YES;
				GCC_WARN_ABOUT_RETURN_TYPE = YES_ERROR;
				GCC_WARN_UNDECLARED_SELECTOR = YES;
				GCC_WARN_UNINITIALIZED_AUTOS = YES_AGGRESSIVE;
				GCC_WARN_UNUSED_FUNCTION = YES;
				GCC_WARN_UNUSED_VARIABLE = YES;
				IPHONEOS_DEPLOYMENT_TARGET = 8.0;
				MTL_ENABLE_DEBUG_INFO = YES;
				ONLY_ACTIVE_ARCH = YES;
				SDKROOT = iphoneos;
				SWIFT_OPTIMIZATION_LEVEL = "-Onone";
				TARGETED_DEVICE_FAMILY = "1,2";
			};
			name = Debug;
		};
		54E192E11BE2A37800BFDC8B /* Release */ = {
			isa = XCBuildConfiguration;
			buildSettings = {
				ALWAYS_SEARCH_USER_PATHS = NO;
				CLANG_CXX_LANGUAGE_STANDARD = "gnu++0x";
				CLANG_CXX_LIBRARY = "libc++";
				CLANG_ENABLE_MODULES = YES;
				CLANG_ENABLE_OBJC_ARC = YES;
				CLANG_WARN_BOOL_CONVERSION = YES;
				CLANG_WARN_CONSTANT_CONVERSION = YES;
				CLANG_WARN_DIRECT_OBJC_ISA_USAGE = YES_ERROR;
				CLANG_WARN_EMPTY_BODY = YES;
				CLANG_WARN_ENUM_CONVERSION = YES;
				CLANG_WARN_INT_CONVERSION = YES;
				CLANG_WARN_OBJC_ROOT_CLASS = YES_ERROR;
				CLANG_WARN_UNREACHABLE_CODE = YES;
				CLANG_WARN__DUPLICATE_METHOD_MATCH = YES;
				"CODE_SIGN_IDENTITY[sdk=iphoneos*]" = "iPhone Developer";
				COPY_PHASE_STRIP = NO;
				DEBUG_INFORMATION_FORMAT = "dwarf-with-dsym";
				ENABLE_NS_ASSERTIONS = NO;
				ENABLE_STRICT_OBJC_MSGSEND = YES;
				GCC_C_LANGUAGE_STANDARD = gnu99;
				GCC_NO_COMMON_BLOCKS = YES;
				GCC_WARN_64_TO_32_BIT_CONVERSION = YES;
				GCC_WARN_ABOUT_RETURN_TYPE = YES_ERROR;
				GCC_WARN_UNDECLARED_SELECTOR = YES;
				GCC_WARN_UNINITIALIZED_AUTOS = YES_AGGRESSIVE;
				GCC_WARN_UNUSED_FUNCTION = YES;
				GCC_WARN_UNUSED_VARIABLE = YES;
				IPHONEOS_DEPLOYMENT_TARGET = 8.0;
				MTL_ENABLE_DEBUG_INFO = NO;
				SDKROOT = iphoneos;
				TARGETED_DEVICE_FAMILY = "1,2";
				VALIDATE_PRODUCT = YES;
			};
			name = Release;
		};
		54E192E31BE2A37800BFDC8B /* Debug */ = {
			isa = XCBuildConfiguration;
			buildSettings = {
				ASSETCATALOG_COMPILER_APPICON_NAME = AppIcon;
				INFOPLIST_FILE = dafiti/Info.plist;
				IPHONEOS_DEPLOYMENT_TARGET = 8.0;
				LD_RUNPATH_SEARCH_PATHS = "$(inherited) @executable_path/Frameworks";
				PRODUCT_BUNDLE_IDENTIFIER = br.com.antoniodesouza.dafiti;
				PRODUCT_NAME = "$(TARGET_NAME)";
			};
			name = Debug;
		};
		54E192E41BE2A37800BFDC8B /* Release */ = {
			isa = XCBuildConfiguration;
			buildSettings = {
				ASSETCATALOG_COMPILER_APPICON_NAME = AppIcon;
				INFOPLIST_FILE = dafiti/Info.plist;
				IPHONEOS_DEPLOYMENT_TARGET = 8.0;
				LD_RUNPATH_SEARCH_PATHS = "$(inherited) @executable_path/Frameworks";
				PRODUCT_BUNDLE_IDENTIFIER = br.com.antoniodesouza.dafiti;
				PRODUCT_NAME = "$(TARGET_NAME)";
			};
			name = Release;
		};
		54E192E61BE2A37800BFDC8B /* Debug */ = {
			isa = XCBuildConfiguration;
			buildSettings = {
				BUNDLE_LOADER = "$(TEST_HOST)";
				INFOPLIST_FILE = dafitiTests/Info.plist;
				LD_RUNPATH_SEARCH_PATHS = "$(inherited) @executable_path/Frameworks @loader_path/Frameworks";
				PRODUCT_BUNDLE_IDENTIFIER = br.com.antoniodesouza.dafiti.dafitiTests;
				PRODUCT_NAME = "$(TARGET_NAME)";
				TEST_HOST = "$(BUILT_PRODUCTS_DIR)/dafiti.app/dafiti";
			};
			name = Debug;
		};
		54E192E71BE2A37800BFDC8B /* Release */ = {
			isa = XCBuildConfiguration;
			buildSettings = {
				BUNDLE_LOADER = "$(TEST_HOST)";
				INFOPLIST_FILE = dafitiTests/Info.plist;
				LD_RUNPATH_SEARCH_PATHS = "$(inherited) @executable_path/Frameworks @loader_path/Frameworks";
				PRODUCT_BUNDLE_IDENTIFIER = br.com.antoniodesouza.dafiti.dafitiTests;
				PRODUCT_NAME = "$(TARGET_NAME)";
				TEST_HOST = "$(BUILT_PRODUCTS_DIR)/dafiti.app/dafiti";
			};
			name = Release;
		};
		54E192E91BE2A37800BFDC8B /* Debug */ = {
			isa = XCBuildConfiguration;
			buildSettings = {
				INFOPLIST_FILE = dafitiUITests/Info.plist;
				LD_RUNPATH_SEARCH_PATHS = "$(inherited) @executable_path/Frameworks @loader_path/Frameworks";
				PRODUCT_BUNDLE_IDENTIFIER = br.com.antoniodesouza.dafiti.dafitiUITests;
				PRODUCT_NAME = "$(TARGET_NAME)";
				TEST_TARGET_NAME = dafiti;
				USES_XCTRUNNER = YES;
			};
			name = Debug;
		};
		54E192EA1BE2A37800BFDC8B /* Release */ = {
			isa = XCBuildConfiguration;
			buildSettings = {
				INFOPLIST_FILE = dafitiUITests/Info.plist;
				LD_RUNPATH_SEARCH_PATHS = "$(inherited) @executable_path/Frameworks @loader_path/Frameworks";
				PRODUCT_BUNDLE_IDENTIFIER = br.com.antoniodesouza.dafiti.dafitiUITests;
				PRODUCT_NAME = "$(TARGET_NAME)";
				TEST_TARGET_NAME = dafiti;
				USES_XCTRUNNER = YES;
			};
			name = Release;
		};
/* End XCBuildConfiguration section */

/* Begin XCConfigurationList section */
		54E192B51BE2A37800BFDC8B /* Build configuration list for PBXProject "dafiti" */ = {
			isa = XCConfigurationList;
			buildConfigurations = (
				54E192E01BE2A37800BFDC8B /* Debug */,
				54E192E11BE2A37800BFDC8B /* Release */,
			);
			defaultConfigurationIsVisible = 0;
			defaultConfigurationName = Release;
		};
		54E192E21BE2A37800BFDC8B /* Build configuration list for PBXNativeTarget "dafiti" */ = {
			isa = XCConfigurationList;
			buildConfigurations = (
				54E192E31BE2A37800BFDC8B /* Debug */,
				54E192E41BE2A37800BFDC8B /* Release */,
			);
			defaultConfigurationIsVisible = 0;
			defaultConfigurationName = Release;
		};
		54E192E51BE2A37800BFDC8B /* Build configuration list for PBXNativeTarget "dafitiTests" */ = {
			isa = XCConfigurationList;
			buildConfigurations = (
				54E192E61BE2A37800BFDC8B /* Debug */,
				54E192E71BE2A37800BFDC8B /* Release */,
			);
			defaultConfigurationIsVisible = 0;
			defaultConfigurationName = Release;
		};
		54E192E81BE2A37800BFDC8B /* Build configuration list for PBXNativeTarget "dafitiUITests" */ = {
			isa = XCConfigurationList;
			buildConfigurations = (
				54E192E91BE2A37800BFDC8B /* Debug */,
				54E192EA1BE2A37800BFDC8B /* Release */,
			);
			defaultConfigurationIsVisible = 0;
			defaultConfigurationName = Release;
		};
/* End XCConfigurationList section */
	};
	rootObject = 54E192B21BE2A37800BFDC8B /* Project object */;
}
